// !$*UTF8*$!
{
	archiveVersion = 1;
	classes = {
	};
	objectVersion = 56;
	objects = {

/* Begin PBXBuildFile section */
		5D16E4142924B11B003C217F /* LeageAPIApp.swift in Sources */ = {isa = PBXBuildFile; fileRef = 5D16E4132924B11B003C217F /* LeageAPIApp.swift */; };
		5D16E4162924B11B003C217F /* ContentView.swift in Sources */ = {isa = PBXBuildFile; fileRef = 5D16E4152924B11B003C217F /* ContentView.swift */; };
		5D16E4182924B11F003C217F /* Assets.xcassets in Resources */ = {isa = PBXBuildFile; fileRef = 5D16E4172924B11F003C217F /* Assets.xcassets */; };
		5D16E41B2924B11F003C217F /* Preview Assets.xcassets in Resources */ = {isa = PBXBuildFile; fileRef = 5D16E41A2924B11F003C217F /* Preview Assets.xcassets */; };
		5D16E4232924B375003C217F /* ServerConfig.swift in Sources */ = {isa = PBXBuildFile; fileRef = 5D16E4222924B375003C217F /* ServerConfig.swift */; };
		5D16E4262924B646003C217F /* Alamofire in Frameworks */ = {isa = PBXBuildFile; productRef = 5D16E4252924B646003C217F /* Alamofire */; };
		5D16E4292924B684003C217F /* CodableWrappers in Frameworks */ = {isa = PBXBuildFile; productRef = 5D16E4282924B684003C217F /* CodableWrappers */; };
		5D16E42C2924B6A0003C217F /* HTTPRequestProtocol.swift in Sources */ = {isa = PBXBuildFile; fileRef = 5D16E42B2924B6A0003C217F /* HTTPRequestProtocol.swift */; };
		5D16E42E2924C0A0003C217F /* HTTPClient.swift in Sources */ = {isa = PBXBuildFile; fileRef = 5D16E42D2924C0A0003C217F /* HTTPClient.swift */; };
		5D16E4322924C676003C217F /* HTTPRequestList.swift in Sources */ = {isa = PBXBuildFile; fileRef = 5D16E4312924C676003C217F /* HTTPRequestList.swift */; };
		5D16E43D2924C831003C217F /* Todo.swift in Sources */ = {isa = PBXBuildFile; fileRef = 5D16E43C2924C831003C217F /* Todo.swift */; };
		5D16E4402924CA98003C217F /* SwiftUI+async.swift in Sources */ = {isa = PBXBuildFile; fileRef = 5D16E43F2924CA98003C217F /* SwiftUI+async.swift */; };
		5D16E4422924CEAB003C217F /* NetworkAlertOperation.swift in Sources */ = {isa = PBXBuildFile; fileRef = 5D16E4412924CEAB003C217F /* NetworkAlertOperation.swift */; };
		5D16E44D292B5B9B003C217F /* PopupView in Frameworks */ = {isa = PBXBuildFile; productRef = 5D16E44C292B5B9B003C217F /* PopupView */; };
		5D16E451292B5BD2003C217F /* Color+Extension.swift in Sources */ = {isa = PBXBuildFile; fileRef = 5D16E450292B5BD2003C217F /* Color+Extension.swift */; };
		5D2D4CA32947226600EA0948 /* SummonerInfo.swift in Sources */ = {isa = PBXBuildFile; fileRef = 5D2D4CA22947226600EA0948 /* SummonerInfo.swift */; };
		5D2D4CA529481C1B00EA0948 /* HomeMainView.swift in Sources */ = {isa = PBXBuildFile; fileRef = 5D2D4CA429481C1B00EA0948 /* HomeMainView.swift */; };
		5D2D4CA829481D1200EA0948 /* Constants.swift in Sources */ = {isa = PBXBuildFile; fileRef = 5D2D4CA729481D1200EA0948 /* Constants.swift */; };
		5D2D4CAD29481E3200EA0948 /* SettingView.swift in Sources */ = {isa = PBXBuildFile; fileRef = 5D2D4CAC29481E3200EA0948 /* SettingView.swift */; };
		5D2D4CAF29481E3900EA0948 /* ChampionView.swift in Sources */ = {isa = PBXBuildFile; fileRef = 5D2D4CAE29481E3900EA0948 /* ChampionView.swift */; };
		5D2D4CB129481E3D00EA0948 /* HomeView.swift in Sources */ = {isa = PBXBuildFile; fileRef = 5D2D4CB029481E3D00EA0948 /* HomeView.swift */; };
		5D2D4CB32948593C00EA0948 /* HomeViewModel.swift in Sources */ = {isa = PBXBuildFile; fileRef = 5D2D4CB22948593C00EA0948 /* HomeViewModel.swift */; };
		5D2D4CB52948594200EA0948 /* ChampionViewModel.swift in Sources */ = {isa = PBXBuildFile; fileRef = 5D2D4CB42948594200EA0948 /* ChampionViewModel.swift */; };
		5D2D4CB72948594600EA0948 /* SettingViewModel.swift in Sources */ = {isa = PBXBuildFile; fileRef = 5D2D4CB62948594600EA0948 /* SettingViewModel.swift */; };
		5D3817E7296C08EC00E21053 /* DottedLine.swift in Sources */ = {isa = PBXBuildFile; fileRef = 5D3817E6296C08EC00E21053 /* DottedLine.swift */; };
		5DA4C717296411AC009962E3 /* AuthInterceptor.swift in Sources */ = {isa = PBXBuildFile; fileRef = 5DA4C716296411AC009962E3 /* AuthInterceptor.swift */; };
		5DA4C71B29642061009962E3 /* UserInfo.swift in Sources */ = {isa = PBXBuildFile; fileRef = 5DA4C71A29642061009962E3 /* UserInfo.swift */; };
		5DA4C71D296420DF009962E3 /* HttpbinResponse.swift in Sources */ = {isa = PBXBuildFile; fileRef = 5DA4C71C296420DF009962E3 /* HttpbinResponse.swift */; };
		5DA4C71F2964211A009962E3 /* Storage.swift in Sources */ = {isa = PBXBuildFile; fileRef = 5DA4C71E2964211A009962E3 /* Storage.swift */; };
		5DA4C72129642205009962E3 /* Extension.swift in Sources */ = {isa = PBXBuildFile; fileRef = 5DA4C72029642204009962E3 /* Extension.swift */; };
		5DA4C723296423C7009962E3 /* APIRouter.swift in Sources */ = {isa = PBXBuildFile; fileRef = 5DA4C722296423C7009962E3 /* APIRouter.swift */; };
		5DA4C72529651428009962E3 /* APIPath.swift in Sources */ = {isa = PBXBuildFile; fileRef = 5DA4C72429651428009962E3 /* APIPath.swift */; };
		5DA4C727296514EB009962E3 /* APIEventLogger.swift in Sources */ = {isa = PBXBuildFile; fileRef = 5DA4C726296514EB009962E3 /* APIEventLogger.swift */; };
		5DA4C72929653C79009962E3 /* APIManager.swift in Sources */ = {isa = PBXBuildFile; fileRef = 5DA4C72829653C79009962E3 /* APIManager.swift */; };
		5DD1236929347F8C006B78B2 /* SwiftUIEnvironment.swift in Sources */ = {isa = PBXBuildFile; fileRef = 5DD1236829347F8C006B78B2 /* SwiftUIEnvironment.swift */; };
/* End PBXBuildFile section */

/* Begin PBXFileReference section */
		5D16E4102924B11B003C217F /* LeageAPI.app */ = {isa = PBXFileReference; explicitFileType = wrapper.application; includeInIndex = 0; path = LeageAPI.app; sourceTree = BUILT_PRODUCTS_DIR; };
		5D16E4132924B11B003C217F /* LeageAPIApp.swift */ = {isa = PBXFileReference; lastKnownFileType = sourcecode.swift; path = LeageAPIApp.swift; sourceTree = "<group>"; };
		5D16E4152924B11B003C217F /* ContentView.swift */ = {isa = PBXFileReference; lastKnownFileType = sourcecode.swift; path = ContentView.swift; sourceTree = "<group>"; };
		5D16E4172924B11F003C217F /* Assets.xcassets */ = {isa = PBXFileReference; lastKnownFileType = folder.assetcatalog; path = Assets.xcassets; sourceTree = "<group>"; };
		5D16E41A2924B11F003C217F /* Preview Assets.xcassets */ = {isa = PBXFileReference; lastKnownFileType = folder.assetcatalog; path = "Preview Assets.xcassets"; sourceTree = "<group>"; };
		5D16E4222924B375003C217F /* ServerConfig.swift */ = {isa = PBXFileReference; lastKnownFileType = sourcecode.swift; path = ServerConfig.swift; sourceTree = "<group>"; };
		5D16E42B2924B6A0003C217F /* HTTPRequestProtocol.swift */ = {isa = PBXFileReference; lastKnownFileType = sourcecode.swift; path = HTTPRequestProtocol.swift; sourceTree = "<group>"; };
		5D16E42D2924C0A0003C217F /* HTTPClient.swift */ = {isa = PBXFileReference; lastKnownFileType = sourcecode.swift; path = HTTPClient.swift; sourceTree = "<group>"; };
		5D16E4312924C676003C217F /* HTTPRequestList.swift */ = {isa = PBXFileReference; lastKnownFileType = sourcecode.swift; path = HTTPRequestList.swift; sourceTree = "<group>"; };
		5D16E43C2924C831003C217F /* Todo.swift */ = {isa = PBXFileReference; lastKnownFileType = sourcecode.swift; path = Todo.swift; sourceTree = "<group>"; };
		5D16E43F2924CA98003C217F /* SwiftUI+async.swift */ = {isa = PBXFileReference; lastKnownFileType = sourcecode.swift; path = "SwiftUI+async.swift"; sourceTree = "<group>"; };
		5D16E4412924CEAB003C217F /* NetworkAlertOperation.swift */ = {isa = PBXFileReference; lastKnownFileType = sourcecode.swift; path = NetworkAlertOperation.swift; sourceTree = "<group>"; };
		5D16E450292B5BD2003C217F /* Color+Extension.swift */ = {isa = PBXFileReference; lastKnownFileType = sourcecode.swift; path = "Color+Extension.swift"; sourceTree = "<group>"; };
		5D2D4CA22947226600EA0948 /* SummonerInfo.swift */ = {isa = PBXFileReference; lastKnownFileType = sourcecode.swift; path = SummonerInfo.swift; sourceTree = "<group>"; };
		5D2D4CA429481C1B00EA0948 /* HomeMainView.swift */ = {isa = PBXFileReference; lastKnownFileType = sourcecode.swift; path = HomeMainView.swift; sourceTree = "<group>"; };
		5D2D4CA729481D1200EA0948 /* Constants.swift */ = {isa = PBXFileReference; lastKnownFileType = sourcecode.swift; path = Constants.swift; sourceTree = "<group>"; };
		5D2D4CAC29481E3200EA0948 /* SettingView.swift */ = {isa = PBXFileReference; lastKnownFileType = sourcecode.swift; path = SettingView.swift; sourceTree = "<group>"; };
		5D2D4CAE29481E3900EA0948 /* ChampionView.swift */ = {isa = PBXFileReference; lastKnownFileType = sourcecode.swift; path = ChampionView.swift; sourceTree = "<group>"; };
		5D2D4CB029481E3D00EA0948 /* HomeView.swift */ = {isa = PBXFileReference; lastKnownFileType = sourcecode.swift; path = HomeView.swift; sourceTree = "<group>"; };
		5D2D4CB22948593C00EA0948 /* HomeViewModel.swift */ = {isa = PBXFileReference; lastKnownFileType = sourcecode.swift; path = HomeViewModel.swift; sourceTree = "<group>"; };
		5D2D4CB42948594200EA0948 /* ChampionViewModel.swift */ = {isa = PBXFileReference; lastKnownFileType = sourcecode.swift; path = ChampionViewModel.swift; sourceTree = "<group>"; };
		5D2D4CB62948594600EA0948 /* SettingViewModel.swift */ = {isa = PBXFileReference; lastKnownFileType = sourcecode.swift; path = SettingViewModel.swift; sourceTree = "<group>"; };
		5D3817E6296C08EC00E21053 /* DottedLine.swift */ = {isa = PBXFileReference; lastKnownFileType = sourcecode.swift; path = DottedLine.swift; sourceTree = "<group>"; };
		5DA4C716296411AC009962E3 /* AuthInterceptor.swift */ = {isa = PBXFileReference; lastKnownFileType = sourcecode.swift; path = AuthInterceptor.swift; sourceTree = "<group>"; };
		5DA4C71A29642061009962E3 /* UserInfo.swift */ = {isa = PBXFileReference; lastKnownFileType = sourcecode.swift; path = UserInfo.swift; sourceTree = "<group>"; };
		5DA4C71C296420DF009962E3 /* HttpbinResponse.swift */ = {isa = PBXFileReference; lastKnownFileType = sourcecode.swift; path = HttpbinResponse.swift; sourceTree = "<group>"; };
		5DA4C71E2964211A009962E3 /* Storage.swift */ = {isa = PBXFileReference; lastKnownFileType = sourcecode.swift; path = Storage.swift; sourceTree = "<group>"; };
		5DA4C72029642204009962E3 /* Extension.swift */ = {isa = PBXFileReference; lastKnownFileType = sourcecode.swift; path = Extension.swift; sourceTree = "<group>"; };
		5DA4C722296423C7009962E3 /* APIRouter.swift */ = {isa = PBXFileReference; lastKnownFileType = sourcecode.swift; path = APIRouter.swift; sourceTree = "<group>"; };
		5DA4C72429651428009962E3 /* APIPath.swift */ = {isa = PBXFileReference; lastKnownFileType = sourcecode.swift; path = APIPath.swift; sourceTree = "<group>"; };
		5DA4C726296514EB009962E3 /* APIEventLogger.swift */ = {isa = PBXFileReference; lastKnownFileType = sourcecode.swift; path = APIEventLogger.swift; sourceTree = "<group>"; };
		5DA4C72829653C79009962E3 /* APIManager.swift */ = {isa = PBXFileReference; lastKnownFileType = sourcecode.swift; path = APIManager.swift; sourceTree = "<group>"; };
		5DD1236829347F8C006B78B2 /* SwiftUIEnvironment.swift */ = {isa = PBXFileReference; lastKnownFileType = sourcecode.swift; path = SwiftUIEnvironment.swift; sourceTree = "<group>"; };
/* End PBXFileReference section */

/* Begin PBXFrameworksBuildPhase section */
		5D16E40D2924B11B003C217F /* Frameworks */ = {
			isa = PBXFrameworksBuildPhase;
			buildActionMask = 2147483647;
			files = (
				5D16E44D292B5B9B003C217F /* PopupView in Frameworks */,
				5D16E4262924B646003C217F /* Alamofire in Frameworks */,
				5D16E4292924B684003C217F /* CodableWrappers in Frameworks */,
			);
			runOnlyForDeploymentPostprocessing = 0;
		};
/* End PBXFrameworksBuildPhase section */

/* Begin PBXGroup section */
		5D16E4072924B11B003C217F = {
			isa = PBXGroup;
			children = (
				5D16E4122924B11B003C217F /* LeageAPI */,
				5D16E4112924B11B003C217F /* Products */,
			);
			sourceTree = "<group>";
		};
		5D16E4112924B11B003C217F /* Products */ = {
			isa = PBXGroup;
			children = (
				5D16E4102924B11B003C217F /* LeageAPI.app */,
			);
			name = Products;
			sourceTree = "<group>";
		};
		5D16E4122924B11B003C217F /* LeageAPI */ = {
			isa = PBXGroup;
			children = (
				5D2D4CA629481CD600EA0948 /* Constants */,
				5DD1236729347F78006B78B2 /* Common */,
				5D16E43A2924C7DB003C217F /* App */,
				5D16E4342924C77C003C217F /* Views */,
				5D16E43E2924CA87003C217F /* Extensions */,
				5D16E42A2924B68C003C217F /* Service */,
				5D16E4212924B1C6003C217F /* Resources */,
			);
			path = LeageAPI;
			sourceTree = "<group>";
		};
		5D16E4192924B11F003C217F /* Preview Content */ = {
			isa = PBXGroup;
			children = (
				5D16E41A2924B11F003C217F /* Preview Assets.xcassets */,
			);
			path = "Preview Content";
			sourceTree = "<group>";
		};
		5D16E4212924B1C6003C217F /* Resources */ = {
			isa = PBXGroup;
			children = (
				5D16E4172924B11F003C217F /* Assets.xcassets */,
				5D16E4192924B11F003C217F /* Preview Content */,
			);
			path = Resources;
			sourceTree = "<group>";
		};
		5D16E42A2924B68C003C217F /* Service */ = {
			isa = PBXGroup;
			children = (
				5DA4C7152964118F009962E3 /* Alamofire */,
				5D16E42B2924B6A0003C217F /* HTTPRequestProtocol.swift */,
				5D16E42D2924C0A0003C217F /* HTTPClient.swift */,
				5D16E4332924C68F003C217F /* RequestList */,
				5D16E43B2924C825003C217F /* Model */,
				5D16E4412924CEAB003C217F /* NetworkAlertOperation.swift */,
			);
			path = Service;
			sourceTree = "<group>";
		};
		5D16E4332924C68F003C217F /* RequestList */ = {
			isa = PBXGroup;
			children = (
				5D16E4312924C676003C217F /* HTTPRequestList.swift */,
			);
			path = RequestList;
			sourceTree = "<group>";
		};
		5D16E4342924C77C003C217F /* Views */ = {
			isa = PBXGroup;
			children = (
				5D2D4CA429481C1B00EA0948 /* HomeMainView.swift */,
				5D2D4CAB29481E2900EA0948 /* Home */,
				5D2D4CAA29481E2200EA0948 /* Champion */,
				5D2D4CA929481E1B00EA0948 /* Setting */,
			);
			path = Views;
			sourceTree = "<group>";
		};
		5D16E43A2924C7DB003C217F /* App */ = {
			isa = PBXGroup;
			children = (
				5D16E4132924B11B003C217F /* LeageAPIApp.swift */,
				5D16E4222924B375003C217F /* ServerConfig.swift */,
				5D16E4152924B11B003C217F /* ContentView.swift */,
			);
			path = App;
			sourceTree = "<group>";
		};
		5D16E43B2924C825003C217F /* Model */ = {
			isa = PBXGroup;
			children = (
				5D16E43C2924C831003C217F /* Todo.swift */,
				5D2D4CA22947226600EA0948 /* SummonerInfo.swift */,
			);
			path = Model;
			sourceTree = "<group>";
		};
		5D16E43E2924CA87003C217F /* Extensions */ = {
			isa = PBXGroup;
			children = (
				5D16E43F2924CA98003C217F /* SwiftUI+async.swift */,
				5D16E450292B5BD2003C217F /* Color+Extension.swift */,
			);
			path = Extensions;
			sourceTree = "<group>";
		};
		5D2D4CA629481CD600EA0948 /* Constants */ = {
			isa = PBXGroup;
			children = (
				5D2D4CA729481D1200EA0948 /* Constants.swift */,
			);
			path = Constants;
			sourceTree = "<group>";
		};
		5D2D4CA929481E1B00EA0948 /* Setting */ = {
			isa = PBXGroup;
			children = (
				5D2D4CAC29481E3200EA0948 /* SettingView.swift */,
				5D2D4CB62948594600EA0948 /* SettingViewModel.swift */,
			);
			path = Setting;
			sourceTree = "<group>";
		};
		5D2D4CAA29481E2200EA0948 /* Champion */ = {
			isa = PBXGroup;
			children = (
				5D2D4CAE29481E3900EA0948 /* ChampionView.swift */,
				5D2D4CB42948594200EA0948 /* ChampionViewModel.swift */,
			);
			path = Champion;
			sourceTree = "<group>";
		};
		5D2D4CAB29481E2900EA0948 /* Home */ = {
			isa = PBXGroup;
			children = (
				5D2D4CB029481E3D00EA0948 /* HomeView.swift */,
				5D2D4CB22948593C00EA0948 /* HomeViewModel.swift */,
			);
			path = Home;
			sourceTree = "<group>";
		};
		5DA4C7152964118F009962E3 /* Alamofire */ = {
			isa = PBXGroup;
			children = (
				5DA4C71E2964211A009962E3 /* Storage.swift */,
				5DA4C72029642204009962E3 /* Extension.swift */,
				5DA4C71829642048009962E3 /* Network */,
				5DA4C71929642052009962E3 /* Model */,
			);
			path = Alamofire;
			sourceTree = "<group>";
		};
		5DA4C71829642048009962E3 /* Network */ = {
			isa = PBXGroup;
			children = (
				5DA4C722296423C7009962E3 /* APIRouter.swift */,
				5DA4C72429651428009962E3 /* APIPath.swift */,
				5DA4C72829653C79009962E3 /* APIManager.swift */,
				5DA4C716296411AC009962E3 /* AuthInterceptor.swift */,
				5DA4C726296514EB009962E3 /* APIEventLogger.swift */,
			);
			path = Network;
			sourceTree = "<group>";
		};
		5DA4C71929642052009962E3 /* Model */ = {
			isa = PBXGroup;
			children = (
				5DA4C71A29642061009962E3 /* UserInfo.swift */,
				5DA4C71C296420DF009962E3 /* HttpbinResponse.swift */,
			);
			path = Model;
			sourceTree = "<group>";
		};
		5DD1236729347F78006B78B2 /* Common */ = {
			isa = PBXGroup;
			children = (
				5DD1236829347F8C006B78B2 /* SwiftUIEnvironment.swift */,
				5D3817E6296C08EC00E21053 /* DottedLine.swift */,
			);
			path = Common;
			sourceTree = "<group>";
		};
/* End PBXGroup section */

/* Begin PBXNativeTarget section */
		5D16E40F2924B11B003C217F /* LeageAPI */ = {
			isa = PBXNativeTarget;
			buildConfigurationList = 5D16E41E2924B11F003C217F /* Build configuration list for PBXNativeTarget "LeageAPI" */;
			buildPhases = (
				5D16E40C2924B11B003C217F /* Sources */,
				5D16E40D2924B11B003C217F /* Frameworks */,
				5D16E40E2924B11B003C217F /* Resources */,
			);
			buildRules = (
			);
			dependencies = (
			);
			name = LeageAPI;
			packageProductDependencies = (
				5D16E4252924B646003C217F /* Alamofire */,
				5D16E4282924B684003C217F /* CodableWrappers */,
				5D16E44C292B5B9B003C217F /* PopupView */,
			);
			productName = LeageAPI;
			productReference = 5D16E4102924B11B003C217F /* LeageAPI.app */;
			productType = "com.apple.product-type.application";
		};
/* End PBXNativeTarget section */

/* Begin PBXProject section */
		5D16E4082924B11B003C217F /* Project object */ = {
			isa = PBXProject;
			attributes = {
				BuildIndependentTargetsInParallel = 1;
				LastSwiftUpdateCheck = 1400;
				LastUpgradeCheck = 1400;
				TargetAttributes = {
					5D16E40F2924B11B003C217F = {
						CreatedOnToolsVersion = 14.0;
					};
				};
			};
			buildConfigurationList = 5D16E40B2924B11B003C217F /* Build configuration list for PBXProject "LeageAPI" */;
			compatibilityVersion = "Xcode 14.0";
			developmentRegion = en;
			hasScannedForEncodings = 0;
			knownRegions = (
				en,
				Base,
			);
			mainGroup = 5D16E4072924B11B003C217F;
			packageReferences = (
				5D16E4242924B646003C217F /* XCRemoteSwiftPackageReference "Alamofire" */,
				5D16E4272924B684003C217F /* XCRemoteSwiftPackageReference "CodableWrappers" */,
				5D16E44B292B5B9B003C217F /* XCRemoteSwiftPackageReference "PopupView" */,
			);
			productRefGroup = 5D16E4112924B11B003C217F /* Products */;
			projectDirPath = "";
			projectRoot = "";
			targets = (
				5D16E40F2924B11B003C217F /* LeageAPI */,
			);
		};
/* End PBXProject section */

/* Begin PBXResourcesBuildPhase section */
		5D16E40E2924B11B003C217F /* Resources */ = {
			isa = PBXResourcesBuildPhase;
			buildActionMask = 2147483647;
			files = (
				5D16E41B2924B11F003C217F /* Preview Assets.xcassets in Resources */,
				5D16E4182924B11F003C217F /* Assets.xcassets in Resources */,
			);
			runOnlyForDeploymentPostprocessing = 0;
		};
/* End PBXResourcesBuildPhase section */

/* Begin PBXSourcesBuildPhase section */
		5D16E40C2924B11B003C217F /* Sources */ = {
			isa = PBXSourcesBuildPhase;
			buildActionMask = 2147483647;
			files = (
				5D2D4CA32947226600EA0948 /* SummonerInfo.swift in Sources */,
				5D16E42C2924B6A0003C217F /* HTTPRequestProtocol.swift in Sources */,
				5D2D4CB32948593C00EA0948 /* HomeViewModel.swift in Sources */,
				5D2D4CAF29481E3900EA0948 /* ChampionView.swift in Sources */,
				5DA4C72529651428009962E3 /* APIPath.swift in Sources */,
				5DA4C72929653C79009962E3 /* APIManager.swift in Sources */,
				5D2D4CA529481C1B00EA0948 /* HomeMainView.swift in Sources */,
				5DA4C71F2964211A009962E3 /* Storage.swift in Sources */,
				5D16E42E2924C0A0003C217F /* HTTPClient.swift in Sources */,
				5D16E4162924B11B003C217F /* ContentView.swift in Sources */,
				5D2D4CB52948594200EA0948 /* ChampionViewModel.swift in Sources */,
				5D16E43D2924C831003C217F /* Todo.swift in Sources */,
				5DA4C72129642205009962E3 /* Extension.swift in Sources */,
				5D2D4CA829481D1200EA0948 /* Constants.swift in Sources */,
				5D16E4322924C676003C217F /* HTTPRequestList.swift in Sources */,
				5D2D4CAD29481E3200EA0948 /* SettingView.swift in Sources */,
				5DA4C727296514EB009962E3 /* APIEventLogger.swift in Sources */,
				5D16E4402924CA98003C217F /* SwiftUI+async.swift in Sources */,
				5D16E4142924B11B003C217F /* LeageAPIApp.swift in Sources */,
				5DD1236929347F8C006B78B2 /* SwiftUIEnvironment.swift in Sources */,
				5DA4C717296411AC009962E3 /* AuthInterceptor.swift in Sources */,
				5D3817E7296C08EC00E21053 /* DottedLine.swift in Sources */,
				5D16E4232924B375003C217F /* ServerConfig.swift in Sources */,
				5DA4C71D296420DF009962E3 /* HttpbinResponse.swift in Sources */,
				5D16E4422924CEAB003C217F /* NetworkAlertOperation.swift in Sources */,
				5DA4C723296423C7009962E3 /* APIRouter.swift in Sources */,
				5D2D4CB72948594600EA0948 /* SettingViewModel.swift in Sources */,
				5D16E451292B5BD2003C217F /* Color+Extension.swift in Sources */,
				5DA4C71B29642061009962E3 /* UserInfo.swift in Sources */,
				5D2D4CB129481E3D00EA0948 /* HomeView.swift in Sources */,
			);
			runOnlyForDeploymentPostprocessing = 0;
		};
/* End PBXSourcesBuildPhase section */

/* Begin XCBuildConfiguration section */
		5D16E41C2924B11F003C217F /* Debug */ = {
			isa = XCBuildConfiguration;
			buildSettings = {
				ALWAYS_SEARCH_USER_PATHS = NO;
				CLANG_ANALYZER_NONNULL = YES;
				CLANG_ANALYZER_NUMBER_OBJECT_CONVERSION = YES_AGGRESSIVE;
				CLANG_CXX_LANGUAGE_STANDARD = "gnu++20";
				CLANG_ENABLE_MODULES = YES;
				CLANG_ENABLE_OBJC_ARC = YES;
				CLANG_ENABLE_OBJC_WEAK = YES;
				CLANG_WARN_BLOCK_CAPTURE_AUTORELEASING = YES;
				CLANG_WARN_BOOL_CONVERSION = YES;
				CLANG_WARN_COMMA = YES;
				CLANG_WARN_CONSTANT_CONVERSION = YES;
				CLANG_WARN_DEPRECATED_OBJC_IMPLEMENTATIONS = YES;
				CLANG_WARN_DIRECT_OBJC_ISA_USAGE = YES_ERROR;
				CLANG_WARN_DOCUMENTATION_COMMENTS = YES;
				CLANG_WARN_EMPTY_BODY = YES;
				CLANG_WARN_ENUM_CONVERSION = YES;
				CLANG_WARN_INFINITE_RECURSION = YES;
				CLANG_WARN_INT_CONVERSION = YES;
				CLANG_WARN_NON_LITERAL_NULL_CONVERSION = YES;
				CLANG_WARN_OBJC_IMPLICIT_RETAIN_SELF = YES;
				CLANG_WARN_OBJC_LITERAL_CONVERSION = YES;
				CLANG_WARN_OBJC_ROOT_CLASS = YES_ERROR;
				CLANG_WARN_QUOTED_INCLUDE_IN_FRAMEWORK_HEADER = YES;
				CLANG_WARN_RANGE_LOOP_ANALYSIS = YES;
				CLANG_WARN_STRICT_PROTOTYPES = YES;
				CLANG_WARN_SUSPICIOUS_MOVE = YES;
				CLANG_WARN_UNGUARDED_AVAILABILITY = YES_AGGRESSIVE;
				CLANG_WARN_UNREACHABLE_CODE = YES;
				CLANG_WARN__DUPLICATE_METHOD_MATCH = YES;
				COPY_PHASE_STRIP = NO;
				DEBUG_INFORMATION_FORMAT = dwarf;
				ENABLE_STRICT_OBJC_MSGSEND = YES;
				ENABLE_TESTABILITY = YES;
				GCC_C_LANGUAGE_STANDARD = gnu11;
				GCC_DYNAMIC_NO_PIC = NO;
				GCC_NO_COMMON_BLOCKS = YES;
				GCC_OPTIMIZATION_LEVEL = 0;
				GCC_PREPROCESSOR_DEFINITIONS = (
					"DEBUG=1",
					"$(inherited)",
				);
				GCC_WARN_64_TO_32_BIT_CONVERSION = YES;
				GCC_WARN_ABOUT_RETURN_TYPE = YES_ERROR;
				GCC_WARN_UNDECLARED_SELECTOR = YES;
				GCC_WARN_UNINITIALIZED_AUTOS = YES_AGGRESSIVE;
				GCC_WARN_UNUSED_FUNCTION = YES;
				GCC_WARN_UNUSED_VARIABLE = YES;
				IPHONEOS_DEPLOYMENT_TARGET = 14.5;
				MTL_ENABLE_DEBUG_INFO = INCLUDE_SOURCE;
				MTL_FAST_MATH = YES;
				ONLY_ACTIVE_ARCH = YES;
				SDKROOT = iphoneos;
				SWIFT_ACTIVE_COMPILATION_CONDITIONS = DEBUG;
				SWIFT_OPTIMIZATION_LEVEL = "-Onone";
			};
			name = Debug;
		};
		5D16E41D2924B11F003C217F /* Release */ = {
			isa = XCBuildConfiguration;
			buildSettings = {
				ALWAYS_SEARCH_USER_PATHS = NO;
				CLANG_ANALYZER_NONNULL = YES;
				CLANG_ANALYZER_NUMBER_OBJECT_CONVERSION = YES_AGGRESSIVE;
				CLANG_CXX_LANGUAGE_STANDARD = "gnu++20";
				CLANG_ENABLE_MODULES = YES;
				CLANG_ENABLE_OBJC_ARC = YES;
				CLANG_ENABLE_OBJC_WEAK = YES;
				CLANG_WARN_BLOCK_CAPTURE_AUTORELEASING = YES;
				CLANG_WARN_BOOL_CONVERSION = YES;
				CLANG_WARN_COMMA = YES;
				CLANG_WARN_CONSTANT_CONVERSION = YES;
				CLANG_WARN_DEPRECATED_OBJC_IMPLEMENTATIONS = YES;
				CLANG_WARN_DIRECT_OBJC_ISA_USAGE = YES_ERROR;
				CLANG_WARN_DOCUMENTATION_COMMENTS = YES;
				CLANG_WARN_EMPTY_BODY = YES;
				CLANG_WARN_ENUM_CONVERSION = YES;
				CLANG_WARN_INFINITE_RECURSION = YES;
				CLANG_WARN_INT_CONVERSION = YES;
				CLANG_WARN_NON_LITERAL_NULL_CONVERSION = YES;
				CLANG_WARN_OBJC_IMPLICIT_RETAIN_SELF = YES;
				CLANG_WARN_OBJC_LITERAL_CONVERSION = YES;
				CLANG_WARN_OBJC_ROOT_CLASS = YES_ERROR;
				CLANG_WARN_QUOTED_INCLUDE_IN_FRAMEWORK_HEADER = YES;
				CLANG_WARN_RANGE_LOOP_ANALYSIS = YES;
				CLANG_WARN_STRICT_PROTOTYPES = YES;
				CLANG_WARN_SUSPICIOUS_MOVE = YES;
				CLANG_WARN_UNGUARDED_AVAILABILITY = YES_AGGRESSIVE;
				CLANG_WARN_UNREACHABLE_CODE = YES;
				CLANG_WARN__DUPLICATE_METHOD_MATCH = YES;
				COPY_PHASE_STRIP = NO;
				DEBUG_INFORMATION_FORMAT = "dwarf-with-dsym";
				ENABLE_NS_ASSERTIONS = NO;
				ENABLE_STRICT_OBJC_MSGSEND = YES;
				GCC_C_LANGUAGE_STANDARD = gnu11;
				GCC_NO_COMMON_BLOCKS = YES;
				GCC_WARN_64_TO_32_BIT_CONVERSION = YES;
				GCC_WARN_ABOUT_RETURN_TYPE = YES_ERROR;
				GCC_WARN_UNDECLARED_SELECTOR = YES;
				GCC_WARN_UNINITIALIZED_AUTOS = YES_AGGRESSIVE;
				GCC_WARN_UNUSED_FUNCTION = YES;
				GCC_WARN_UNUSED_VARIABLE = YES;
				IPHONEOS_DEPLOYMENT_TARGET = 14.5;
				MTL_ENABLE_DEBUG_INFO = NO;
				MTL_FAST_MATH = YES;
				SDKROOT = iphoneos;
				SWIFT_COMPILATION_MODE = wholemodule;
				SWIFT_OPTIMIZATION_LEVEL = "-O";
				VALIDATE_PRODUCT = YES;
			};
			name = Release;
		};
		5D16E41F2924B11F003C217F /* Debug */ = {
			isa = XCBuildConfiguration;
			buildSettings = {
				ASSETCATALOG_COMPILER_APPICON_NAME = AppIcon;
				ASSETCATALOG_COMPILER_GLOBAL_ACCENT_COLOR_NAME = AccentColor;
				CODE_SIGN_STYLE = Automatic;
				CURRENT_PROJECT_VERSION = 1;
				DEVELOPMENT_ASSET_PATHS = "\"LeageAPI/Resources/Preview Content\"";
				DEVELOPMENT_TEAM = Y3SM86Y3Q4;
				ENABLE_PREVIEWS = YES;
				GENERATE_INFOPLIST_FILE = YES;
				INFOPLIST_KEY_UIApplicationSceneManifest_Generation = YES;
				INFOPLIST_KEY_UIApplicationSupportsIndirectInputEvents = YES;
				INFOPLIST_KEY_UILaunchScreen_Generation = YES;
				INFOPLIST_KEY_UISupportedInterfaceOrientations_iPad = "UIInterfaceOrientationPortrait UIInterfaceOrientationPortraitUpsideDown UIInterfaceOrientationLandscapeLeft UIInterfaceOrientationLandscapeRight";
				INFOPLIST_KEY_UISupportedInterfaceOrientations_iPhone = "UIInterfaceOrientationPortrait UIInterfaceOrientationLandscapeLeft UIInterfaceOrientationLandscapeRight";
				IPHONEOS_DEPLOYMENT_TARGET = 14.5;
				LD_RUNPATH_SEARCH_PATHS = (
					"$(inherited)",
					"@executable_path/Frameworks",
				);
				MARKETING_VERSION = 1.0;
				PRODUCT_BUNDLE_IDENTIFIER = ys.LeageAPI;
				PRODUCT_NAME = "$(TARGET_NAME)";
				SWIFT_EMIT_LOC_STRINGS = YES;
				SWIFT_VERSION = 5.0;
				TARGETED_DEVICE_FAMILY = "1,2";
			};
			name = Debug;
		};
		5D16E4202924B11F003C217F /* Release */ = {
			isa = XCBuildConfiguration;
			buildSettings = {
				ASSETCATALOG_COMPILER_APPICON_NAME = AppIcon;
				ASSETCATALOG_COMPILER_GLOBAL_ACCENT_COLOR_NAME = AccentColor;
				CODE_SIGN_STYLE = Automatic;
				CURRENT_PROJECT_VERSION = 1;
				DEVELOPMENT_ASSET_PATHS = "\"LeageAPI/Resources/Preview Content\"";
				DEVELOPMENT_TEAM = Y3SM86Y3Q4;
				ENABLE_PREVIEWS = YES;
				GENERATE_INFOPLIST_FILE = YES;
				INFOPLIST_KEY_UIApplicationSceneManifest_Generation = YES;
				INFOPLIST_KEY_UIApplicationSupportsIndirectInputEvents = YES;
				INFOPLIST_KEY_UILaunchScreen_Generation = YES;
				INFOPLIST_KEY_UISupportedInterfaceOrientations_iPad = "UIInterfaceOrientationPortrait UIInterfaceOrientationPortraitUpsideDown UIInterfaceOrientationLandscapeLeft UIInterfaceOrientationLandscapeRight";
				INFOPLIST_KEY_UISupportedInterfaceOrientations_iPhone = "UIInterfaceOrientationPortrait UIInterfaceOrientationLandscapeLeft UIInterfaceOrientationLandscapeRight";
				IPHONEOS_DEPLOYMENT_TARGET = 14.5;
				LD_RUNPATH_SEARCH_PATHS = (
					"$(inherited)",
					"@executable_path/Frameworks",
				);
				MARKETING_VERSION = 1.0;
				PRODUCT_BUNDLE_IDENTIFIER = ys.LeageAPI;
				PRODUCT_NAME = "$(TARGET_NAME)";
				SWIFT_EMIT_LOC_STRINGS = YES;
				SWIFT_VERSION = 5.0;
				TARGETED_DEVICE_FAMILY = "1,2";
			};
			name = Release;
		};
/* End XCBuildConfiguration section */

/* Begin XCConfigurationList section */
		5D16E40B2924B11B003C217F /* Build configuration list for PBXProject "LeageAPI" */ = {
			isa = XCConfigurationList;
			buildConfigurations = (
				5D16E41C2924B11F003C217F /* Debug */,
				5D16E41D2924B11F003C217F /* Release */,
			);
			defaultConfigurationIsVisible = 0;
			defaultConfigurationName = Release;
		};
		5D16E41E2924B11F003C217F /* Build configuration list for PBXNativeTarget "LeageAPI" */ = {
			isa = XCConfigurationList;
			buildConfigurations = (
				5D16E41F2924B11F003C217F /* Debug */,
				5D16E4202924B11F003C217F /* Release */,
			);
			defaultConfigurationIsVisible = 0;
			defaultConfigurationName = Release;
		};
/* End XCConfigurationList section */

/* Begin XCRemoteSwiftPackageReference section */
		5D16E4242924B646003C217F /* XCRemoteSwiftPackageReference "Alamofire" */ = {
			isa = XCRemoteSwiftPackageReference;
			repositoryURL = "https://github.com/Alamofire/Alamofire";
			requirement = {
				kind = upToNextMajorVersion;
				minimumVersion = 5.0.0;
			};
		};
		5D16E4272924B684003C217F /* XCRemoteSwiftPackageReference "CodableWrappers" */ = {
			isa = XCRemoteSwiftPackageReference;
			repositoryURL = "https://github.com/GottaGetSwifty/CodableWrappers";
			requirement = {
				kind = upToNextMajorVersion;
				minimumVersion = 2.0.0;
			};
		};
		5D16E44B292B5B9B003C217F /* XCRemoteSwiftPackageReference "PopupView" */ = {
			isa = XCRemoteSwiftPackageReference;
			repositoryURL = "https://github.com/exyte/PopupView";
			requirement = {
				kind = upToNextMajorVersion;
				minimumVersion = 1.0.0;
			};
		};
/* End XCRemoteSwiftPackageReference section */

/* Begin XCSwiftPackageProductDependency section */
		5D16E4252924B646003C217F /* Alamofire */ = {
			isa = XCSwiftPackageProductDependency;
			package = 5D16E4242924B646003C217F /* XCRemoteSwiftPackageReference "Alamofire" */;
			productName = Alamofire;
		};
		5D16E4282924B684003C217F /* CodableWrappers */ = {
			isa = XCSwiftPackageProductDependency;
			package = 5D16E4272924B684003C217F /* XCRemoteSwiftPackageReference "CodableWrappers" */;
			productName = CodableWrappers;
		};
		5D16E44C292B5B9B003C217F /* PopupView */ = {
			isa = XCSwiftPackageProductDependency;
			package = 5D16E44B292B5B9B003C217F /* XCRemoteSwiftPackageReference "PopupView" */;
			productName = PopupView;
		};
/* End XCSwiftPackageProductDependency section */
	};
	rootObject = 5D16E4082924B11B003C217F /* Project object */;
}
